%{
  "bunt": {:hex, :bunt, "1.0.0", "081c2c665f086849e6d57900292b3a161727ab40431219529f13c4ddcf3e7a44", [:mix], [], "hexpm", "dc5f86aa08a5f6fa6b8096f0735c4e76d54ae5c9fa2c143e5a1fc7c1cd9bb6b5"},
  "credo": {:hex, :credo, "1.7.7", "771445037228f763f9b2afd612b6aa2fd8e28432a95dbbc60d8e03ce71ba4446", [:mix], [{:bunt, "~> 0.2.1 or ~> 1.0", [hex: :bunt, repo: "hexpm", optional: false]}, {:file_system, "~> 0.2 or ~> 1.0", [hex: :file_system, repo: "hexpm", optional: false]}, {:jason, "~> 1.0", [hex: :jason, repo: "hexpm", optional: false]}], "hexpm", "8bc87496c9aaacdc3f90f01b7b0582467b69b4bd2441fe8aae3109d843cc2f2e"},
  "decimal": {:hex, :decimal, "2.1.1", "5611dca5d4b2c3dd497dec8f68751f1f1a54755e8ed2a966c2633cf885973ad6", [:mix], [], "hexpm", "53cfe5f497ed0e7771ae1a475575603d77425099ba5faef9394932b35020ffcc"},
  "dialyxir": {:hex, :dialyxir, "1.4.3", "edd0124f358f0b9e95bfe53a9fcf806d615d8f838e2202a9f430d59566b6b53b", [:mix], [{:erlex, ">= 0.2.6", [hex: :erlex, repo: "hexpm", optional: false]}], "hexpm", "bf2cfb75cd5c5006bec30141b131663299c661a864ec7fbbc72dfa557487a986"},
  "earmark_parser": {:hex, :earmark_parser, "1.4.40", "f3534689f6b58f48aa3a9ac850d4f05832654fe257bf0549c08cc290035f70d5", [:mix], [], "hexpm", "cdb34f35892a45325bad21735fadb88033bcb7c4c296a999bde769783f53e46a"},
  "ecto": {:hex, :ecto, "3.11.2", "e1d26be989db350a633667c5cda9c3d115ae779b66da567c68c80cfb26a8c9ee", [:mix], [{:decimal, "~> 2.0", [hex: :decimal, repo: "hexpm", optional: false]}, {:jason, "~> 1.0", [hex: :jason, repo: "hexpm", optional: true]}, {:telemetry, "~> 0.4 or ~> 1.0", [hex: :telemetry, repo: "hexpm", optional: false]}], "hexpm", "3c38bca2c6f8d8023f2145326cc8a80100c3ffe4dcbd9842ff867f7fc6156c65"},
  "erlex": {:hex, :erlex, "0.2.7", "810e8725f96ab74d17aac676e748627a07bc87eb950d2b83acd29dc047a30595", [:mix], [], "hexpm", "3ed95f79d1a844c3f6bf0cea61e0d5612a42ce56da9c03f01df538685365efb0"},
  "ex_doc": {:hex, :ex_doc, "0.34.2", "13eedf3844ccdce25cfd837b99bea9ad92c4e511233199440488d217c92571e8", [:mix], [{:earmark_parser, "~> 1.4.39", [hex: :earmark_parser, repo: "hexpm", optional: false]}, {:makeup_c, ">= 0.1.0", [hex: :makeup_c, repo: "hexpm", optional: true]}, {:makeup_elixir, "~> 0.14 or ~> 1.0", [hex: :makeup_elixir, repo: "hexpm", optional: false]}, {:makeup_erlang, "~> 0.1 or ~> 1.0", [hex: :makeup_erlang, repo: "hexpm", optional: false]}, {:makeup_html, ">= 0.1.0", [hex: :makeup_html, repo: "hexpm", optional: true]}], "hexpm", "5ce5f16b41208a50106afed3de6a2ed34f4acfd65715b82a0b84b49d995f95c1"},
  "file_system": {:hex, :file_system, "1.0.0", "b689cc7dcee665f774de94b5a832e578bd7963c8e637ef940cd44327db7de2cd", [:mix], [], "hexpm", "6752092d66aec5a10e662aefeed8ddb9531d79db0bc145bb8c40325ca1d8536d"},
  "finch": {:hex, :finch, "0.19.0", "c644641491ea854fc5c1bbaef36bfc764e3f08e7185e1f084e35e0672241b76d", [:mix], [{:mime, "~> 1.0 or ~> 2.0", [hex: :mime, repo: "hexpm", optional: false]}, {:mint, "~> 1.6.2 or ~> 1.7", [hex: :mint, repo: "hexpm", optional: false]}, {:nimble_options, "~> 0.4 or ~> 1.0", [hex: :nimble_options, repo: "hexpm", optional: false]}, {:nimble_pool, "~> 1.1", [hex: :nimble_pool, repo: "hexpm", optional: false]}, {:telemetry, "~> 0.4 or ~> 1.0", [hex: :telemetry, repo: "hexpm", optional: false]}], "hexpm", "fc5324ce209125d1e2fa0fcd2634601c52a787aff1cd33ee833664a5af4ea2b6"},
  "glob_ex": {:hex, :glob_ex, "0.1.11", "cb50d3f1ef53f6ca04d6252c7fde09fd7a1cf63387714fe96f340a1349e62c93", [:mix], [], "hexpm", "342729363056e3145e61766b416769984c329e4378f1d558b63e341020525de4"},
  "hpax": {:hex, :hpax, "1.0.2", "762df951b0c399ff67cc57c3995ec3cf46d696e41f0bba17da0518d94acd4aac", [:mix], [], "hexpm", "2f09b4c1074e0abd846747329eaa26d535be0eb3d189fa69d812bfb8bfefd32f"},
  "igniter": {:hex, :igniter, "0.5.24", "d5d275f085485350cb9b57bb54d7bf5510fd453ed294e64683879c0549fcead1", [:mix], [{:glob_ex, "~> 0.1.7", [hex: :glob_ex, repo: "hexpm", optional: false]}, {:inflex, "~> 2.0", [hex: :inflex, repo: "hexpm", optional: false]}, {:jason, "~> 1.4", [hex: :jason, repo: "hexpm", optional: false]}, {:owl, "~> 0.11", [hex: :owl, repo: "hexpm", optional: false]}, {:phx_new, "~> 1.7", [hex: :phx_new, repo: "hexpm", optional: true]}, {:req, "~> 0.5", [hex: :req, repo: "hexpm", optional: false]}, {:rewrite, ">= 1.1.1 and < 2.0.0-0", [hex: :rewrite, repo: "hexpm", optional: false]}, {:sourceror, "~> 1.4", [hex: :sourceror, repo: "hexpm", optional: false]}, {:spitfire, ">= 0.1.3 and < 1.0.0-0", [hex: :spitfire, repo: "hexpm", optional: false]}], "hexpm", "49f4bbc97590164c51745529142c715b7ced772ced3ead2a4153843b9596e903"},
  "inflex": {:hex, :inflex, "2.1.0", "a365cf0821a9dacb65067abd95008ca1b0bb7dcdd85ae59965deef2aa062924c", [:mix], [], "hexpm", "14c17d05db4ee9b6d319b0bff1bdf22aa389a25398d1952c7a0b5f3d93162dd8"},
  "jason": {:hex, :jason, "1.4.3", "d3f984eeb96fe53b85d20e0b049f03e57d075b5acda3ac8d465c969a2536c17b", [:mix], [{:decimal, "~> 1.0 or ~> 2.0", [hex: :decimal, repo: "hexpm", optional: true]}], "hexpm", "9a90e868927f7c777689baa16d86f4d0e086d968db5c05d917ccff6d443e58a3"},
  "junit_formatter": {:hex, :junit_formatter, "3.4.0", "d0e8db6c34dab6d3c4154c3b46b21540db1109ae709d6cf99ba7e7a2ce4b1ac2", [:mix], [], "hexpm", "bb36e2ae83f1ced6ab931c4ce51dd3dbef1ef61bb4932412e173b0cfa259dacd"},
  "makeup": {:hex, :makeup, "1.1.2", "9ba8837913bdf757787e71c1581c21f9d2455f4dd04cfca785c70bbfff1a76a3", [:mix], [{:nimble_parsec, "~> 1.2.2 or ~> 1.3", [hex: :nimble_parsec, repo: "hexpm", optional: false]}], "hexpm", "cce1566b81fbcbd21eca8ffe808f33b221f9eee2cbc7a1706fc3da9ff18e6cac"},
  "makeup_elixir": {:hex, :makeup_elixir, "0.16.2", "627e84b8e8bf22e60a2579dad15067c755531fea049ae26ef1020cad58fe9578", [:mix], [{:makeup, "~> 1.0", [hex: :makeup, repo: "hexpm", optional: false]}, {:nimble_parsec, "~> 1.2.3 or ~> 1.3", [hex: :nimble_parsec, repo: "hexpm", optional: false]}], "hexpm", "41193978704763f6bbe6cc2758b84909e62984c7752b3784bd3c218bb341706b"},
  "makeup_erlang": {:hex, :makeup_erlang, "1.0.0", "6f0eff9c9c489f26b69b61440bf1b238d95badae49adac77973cbacae87e3c2e", [:mix], [{:makeup, "~> 1.0", [hex: :makeup, repo: "hexpm", optional: false]}], "hexpm", "ea7a9307de9d1548d2a72d299058d1fd2339e3d398560a0e46c27dab4891e4d2"},
  "mime": {:hex, :mime, "2.0.6", "8f18486773d9b15f95f4f4f1e39b710045fa1de891fada4516559967276e4dc2", [:mix], [], "hexpm", "c9945363a6b26d747389aac3643f8e0e09d30499a138ad64fe8fd1d13d9b153e"},
  "mint": {:hex, :mint, "1.7.1", "113fdb2b2f3b59e47c7955971854641c61f378549d73e829e1768de90fc1abf1", [:mix], [{:castore, "~> 0.1.0 or ~> 1.0", [hex: :castore, repo: "hexpm", optional: true]}, {:hpax, "~> 0.1.1 or ~> 0.2.0 or ~> 1.0", [hex: :hpax, repo: "hexpm", optional: false]}], "hexpm", "fceba0a4d0f24301ddee3024ae116df1c3f4bb7a563a731f45fdfeb9d39a231b"},
  "nimble_options": {:hex, :nimble_options, "1.1.1", "e3a492d54d85fc3fd7c5baf411d9d2852922f66e69476317787a7b2bb000a61b", [:mix], [], "hexpm", "821b2470ca9442c4b6984882fe9bb0389371b8ddec4d45a9504f00a66f650b44"},
  "nimble_parsec": {:hex, :nimble_parsec, "1.4.0", "51f9b613ea62cfa97b25ccc2c1b4216e81df970acd8e16e8d1bdc58fef21370d", [:mix], [], "hexpm", "9c565862810fb383e9838c1dd2d7d2c437b3d13b267414ba6af33e50d2d1cf28"},
  "nimble_pool": {:hex, :nimble_pool, "1.1.0", "bf9c29fbdcba3564a8b800d1eeb5a3c58f36e1e11d7b7fb2e084a643f645f06b", [:mix], [], "hexpm", "af2e4e6b34197db81f7aad230c1118eac993acc0dae6bc83bac0126d4ae0813a"},
  "owl": {:hex, :owl, "0.12.2", "65906b525e5c3ef51bab6cba7687152be017aebe1da077bb719a5ee9f7e60762", [:mix], [{:ucwidth, "~> 0.2", [hex: :ucwidth, repo: "hexpm", optional: true]}], "hexpm", "6398efa9e1fea70a04d24231e10dcd66c1ac1aa2da418d20ef5357ec61de2880"},
  "req": {:hex, :req, "0.5.8", "50d8d65279d6e343a5e46980ac2a70e97136182950833a1968b371e753f6a662", [:mix], [{:brotli, "~> 0.3.1", [hex: :brotli, repo: "hexpm", optional: true]}, {:ezstd, "~> 1.0", [hex: :ezstd, repo: "hexpm", optional: true]}, {:finch, "~> 0.17", [hex: :finch, repo: "hexpm", optional: false]}, {:jason, "~> 1.0", [hex: :jason, repo: "hexpm", optional: false]}, {:mime, "~> 2.0.6 or ~> 2.1", [hex: :mime, repo: "hexpm", optional: false]}, {:nimble_csv, "~> 1.0", [hex: :nimble_csv, repo: "hexpm", optional: true]}, {:plug, "~> 1.0", [hex: :plug, repo: "hexpm", optional: true]}], "hexpm", "d7fc5898a566477e174f26887821a3c5082b243885520ee4b45555f5d53f40ef"},
  "rewrite": {:hex, :rewrite, "1.1.2", "f5a5d10f5fed1491a6ff48e078d4585882695962ccc9e6c779bae025d1f92eda", [:mix], [{:glob_ex, "~> 0.1", [hex: :glob_ex, repo: "hexpm", optional: false]}, {:sourceror, "~> 1.0", [hex: :sourceror, repo: "hexpm", optional: false]}, {:text_diff, "~> 0.1", [hex: :text_diff, repo: "hexpm", optional: false]}], "hexpm", "7f8b94b1e3528d0a47b3e8b7bfeca559d2948a65fa7418a9ad7d7712703d39d4"},
  "sourceror": {:hex, :sourceror, "1.7.1", "599d78f4cc2be7d55c9c4fd0a8d772fd0478e3a50e726697c20d13d02aa056d4", [:mix], [], "hexpm", "cd6f268fe29fa00afbc535e215158680a0662b357dc784646d7dff28ac65a0fc"},
  "spitfire": {:hex, :spitfire, "0.1.5", "10b041e781bff9544d2fdf00893e1a325758408c5366a9bfa4333072568659b1", [:mix], [], "hexpm", "866a55d21fe827934ff38200111335c9dd311df13cbf2580ed71d84b0a783150"},
  "telemetry": {:hex, :telemetry, "1.2.1", "68fdfe8d8f05a8428483a97d7aab2f268aaff24b49e0f599faa091f1d4e7f61c", [:rebar3], [], "hexpm", "dad9ce9d8effc621708f99eac538ef1cbe05d6a874dd741de2e689c47feafed5"},
  "text_diff": {:hex, :text_diff, "0.1.0", "1caf3175e11a53a9a139bc9339bd607c47b9e376b073d4571c031913317fecaa", [:mix], [], "hexpm", "d1ffaaecab338e49357b6daa82e435f877e0649041ace7755583a0ea3362dbd7"},
}
